<Solution>
  <Configurations>
    <Platform Name="x64" />
    <Platform Name="x86" />
  </Configurations>
  <Project Path="CppTextRPGProject/CppTextRPGProject.vcxproj" Id="56e88e8d-ba77-4044-8212-684c5616a734" />
  <Project Path="EX1_SetPotionFunc/EX1_SetPotionFunc.vcxproj" />
  <Project Path="EX2and3_LevelExp_Attack_System/EX2and3_LevelExp_Attack_System.vcxproj" />
  <Project Path="EX4_ItemUse/EX4_ItemUse.vcxproj" />
  <Project Path="EX5_InventoryTemplate/EX5_InventoryTemplate.vcxproj" />
  <Project Path="EX6_InventoryAutoExpand_Sort/EX6_InventoryAutoExpand_Sort.vcxproj" />
  <Project Path="EX7_StockManage_Potion/EX7_StockManage_Potion.vcxproj" />
  <Project Path="HW1_DPCharacterCreation/HW1_DPCharacterCreation.vcxproj" Id="e8799f9c-3543-455d-bc60-d923117e81c3" />
  <Project Path="HW2_InputTesting/HW2_InputTesting.vcxproj" Id="06fa7824-a568-408c-ae93-faa4d7e278d9" />
  <Project Path="HW3_StatManageMenu/HW3_StatManageMenu.vcxproj" Id="b8ad60ce-a189-4b94-9eb3-4200e5c89008" />
  <Project Path="HW4_PlayerClass_ClassSelection/HW4_PlayerClass_ClassSelection.vcxproj" Id="6872c011-b934-4f10-a9be-3d0748198221" />
  <Project Path="HW5_Monster_Battle/HW5_Monster_Battle.vcxproj" Id="73ed3ce8-a1be-4258-b883-adef75120d4b" />
  <Project Path="HW6_Inventory_ItemDrop/HW6_Inventory_ItemDrop.vcxproj" Id="68ab448b-bc78-4784-851d-dad9e7ce8025" />
  <Project Path="HW7_PotionCreation/HW7_PotionCreation.vcxproj" Id="dd22873a-3aef-447d-a744-2bdc8783102f" />
  <Project Path="HW8_CompleteGame/HW8_CompleteGame.vcxproj" Id="165ade09-045c-49cd-a64c-f68776f4fdf9" />
</Solution>
